
Microsoft Visual Studio Solution File, Format Version 12.00
# Visual Studio Version 17
VisualStudioVersion = 17.0.31903.59
MinimumVisualStudioVersion = 10.0.40219.1
Project("{FAE04EC0-301F-11D3-BF4B-00C04F79EFBC}") = "API", "API\API.csproj", "{909776BA-E0EB-45F5-A811-3AD3EA417D8F}"
EndProject
Project("{FAE04EC0-301F-11D3-BF4B-00C04F79EFBC}") = "Application", "Application\Application.csproj", "{AAC1591F-04D1-4C2D-A191-41C97AECD17C}"
EndProject
Project("{FAE04EC0-301F-11D3-BF4B-00C04F79EFBC}") = "Domain", "Domain\Domain.csproj", "{5BF59D8D-9180-4299-BA39-D3522482DCC0}"
EndProject
Project("{FAE04EC0-301F-11D3-BF4B-00C04F79EFBC}") = "Persistence", "Persistence\Persistence.csproj", "{58C29F91-CB9E-43E7-B7ED-4044502DA6D1}"
EndProject
Global
	GlobalSection(SolutionConfigurationPlatforms) = preSolution
		Debug|Any CPU = Debug|Any CPU
		Release|Any CPU = Release|Any CPU
	EndGlobalSection
	GlobalSection(SolutionProperties) = preSolution
		HideSolutionNode = FALSE
	EndGlobalSection
	GlobalSection(ProjectConfigurationPlatforms) = postSolution
		{909776BA-E0EB-45F5-A811-3AD3EA417D8F}.Debug|Any CPU.ActiveCfg = Debug|Any CPU
		{909776BA-E0EB-45F5-A811-3AD3EA417D8F}.Debug|Any CPU.Build.0 = Debug|Any CPU
		{909776BA-E0EB-45F5-A811-3AD3EA417D8F}.Release|Any CPU.ActiveCfg = Release|Any CPU
		{909776BA-E0EB-45F5-A811-3AD3EA417D8F}.Release|Any CPU.Build.0 = Release|Any CPU
		{AAC1591F-04D1-4C2D-A191-41C97AECD17C}.Debug|Any CPU.ActiveCfg = Debug|Any CPU
		{AAC1591F-04D1-4C2D-A191-41C97AECD17C}.Debug|Any CPU.Build.0 = Debug|Any CPU
		{AAC1591F-04D1-4C2D-A191-41C97AECD17C}.Release|Any CPU.ActiveCfg = Release|Any CPU
		{AAC1591F-04D1-4C2D-A191-41C97AECD17C}.Release|Any CPU.Build.0 = Release|Any CPU
		{5BF59D8D-9180-4299-BA39-D3522482DCC0}.Debug|Any CPU.ActiveCfg = Debug|Any CPU
		{5BF59D8D-9180-4299-BA39-D3522482DCC0}.Debug|Any CPU.Build.0 = Debug|Any CPU
		{5BF59D8D-9180-4299-BA39-D3522482DCC0}.Release|Any CPU.ActiveCfg = Release|Any CPU
		{5BF59D8D-9180-4299-BA39-D3522482DCC0}.Release|Any CPU.Build.0 = Release|Any CPU
		{58C29F91-CB9E-43E7-B7ED-4044502DA6D1}.Debug|Any CPU.ActiveCfg = Debug|Any CPU
		{58C29F91-CB9E-43E7-B7ED-4044502DA6D1}.Debug|Any CPU.Build.0 = Debug|Any CPU
		{58C29F91-CB9E-43E7-B7ED-4044502DA6D1}.Release|Any CPU.ActiveCfg = Release|Any CPU
		{58C29F91-CB9E-43E7-B7ED-4044502DA6D1}.Release|Any CPU.Build.0 = Release|Any CPU
	EndGlobalSection
EndGlobal
